
Microsoft Visual Studio Solution File, Format Version 12.00
# Visual Studio Version 17
VisualStudioVersion = 17.5.33424.131
MinimumVisualStudioVersion = 10.0.40219.1
Project("{9A19103F-16F7-4668-BE54-9A1E7A4F7556}") = "SerialPortProxyService", "SerialPortProxyService\SerialPortProxyService.csproj", "{E68DB821-77FF-400D-A77D-2F0B2312EB66}"
EndProject
Project("{9A19103F-16F7-4668-BE54-9A1E7A4F7556}") = "SerialPortProxyService.Win", "SerialPortProxyService.Win\SerialPortProxyService.Win.csproj", "{020B4EE3-9345-4F46-A249-8BFCDFE573B8}"
EndProject
Project("{9A19103F-16F7-4668-BE54-9A1E7A4F7556}") = "SerialPortProxyService.Test", "SerialPortProxyService.Test\SerialPortProxyService.Test.csproj", "{F53AC408-8573-40B8-9C93-ECEA84F76827}"
EndProject
Project("{9A19103F-16F7-4668-BE54-9A1E7A4F7556}") = "SerialPortProxyService.Common", "SerialPortProxyService.Common\SerialPortProxyService.Common.csproj", "{A4732D29-A85F-4ECE-A479-C98716F2C74E}"
EndProject
Project("{9A19103F-16F7-4668-BE54-9A1E7A4F7556}") = "SerialPortProxyService.Console", "SerialPortProxyService.Console\SerialPortProxyService.Console.csproj", "{E59E77EF-191C-46CB-AFE7-EA3CA4C2EB76}"
EndProject
Project("{2150E333-8FDC-42A3-9474-1A3956D46DE8}") = "Test", "Test", "{F3A8EFA7-C840-4F14-944F-19AF9CADD7AA}"
EndProject
Project("{9A19103F-16F7-4668-BE54-9A1E7A4F7556}") = "SerialPortProxyService.MSTest", "SerialPortProxyService.MSTest\SerialPortProxyService.MSTest.csproj", "{E1B98930-B524-4FBA-8A82-F86E7F647AF9}"
EndProject
Global
	GlobalSection(SolutionConfigurationPlatforms) = preSolution
		Debug|Any CPU = Debug|Any CPU
		Release|Any CPU = Release|Any CPU
	EndGlobalSection
	GlobalSection(ProjectConfigurationPlatforms) = postSolution
		{E68DB821-77FF-400D-A77D-2F0B2312EB66}.Debug|Any CPU.ActiveCfg = Debug|Any CPU
		{E68DB821-77FF-400D-A77D-2F0B2312EB66}.Debug|Any CPU.Build.0 = Debug|Any CPU
		{E68DB821-77FF-400D-A77D-2F0B2312EB66}.Release|Any CPU.ActiveCfg = Release|Any CPU
		{E68DB821-77FF-400D-A77D-2F0B2312EB66}.Release|Any CPU.Build.0 = Release|Any CPU
		{020B4EE3-9345-4F46-A249-8BFCDFE573B8}.Debug|Any CPU.ActiveCfg = Debug|Any CPU
		{020B4EE3-9345-4F46-A249-8BFCDFE573B8}.Debug|Any CPU.Build.0 = Debug|Any CPU
		{020B4EE3-9345-4F46-A249-8BFCDFE573B8}.Release|Any CPU.ActiveCfg = Release|Any CPU
		{020B4EE3-9345-4F46-A249-8BFCDFE573B8}.Release|Any CPU.Build.0 = Release|Any CPU
		{F53AC408-8573-40B8-9C93-ECEA84F76827}.Debug|Any CPU.ActiveCfg = Debug|Any CPU
		{F53AC408-8573-40B8-9C93-ECEA84F76827}.Debug|Any CPU.Build.0 = Debug|Any CPU
		{F53AC408-8573-40B8-9C93-ECEA84F76827}.Release|Any CPU.ActiveCfg = Release|Any CPU
		{F53AC408-8573-40B8-9C93-ECEA84F76827}.Release|Any CPU.Build.0 = Release|Any CPU
		{A4732D29-A85F-4ECE-A479-C98716F2C74E}.Debug|Any CPU.ActiveCfg = Debug|Any CPU
		{A4732D29-A85F-4ECE-A479-C98716F2C74E}.Debug|Any CPU.Build.0 = Debug|Any CPU
		{A4732D29-A85F-4ECE-A479-C98716F2C74E}.Release|Any CPU.ActiveCfg = Release|Any CPU
		{A4732D29-A85F-4ECE-A479-C98716F2C74E}.Release|Any CPU.Build.0 = Release|Any CPU
		{E59E77EF-191C-46CB-AFE7-EA3CA4C2EB76}.Debug|Any CPU.ActiveCfg = Debug|Any CPU
		{E59E77EF-191C-46CB-AFE7-EA3CA4C2EB76}.Debug|Any CPU.Build.0 = Debug|Any CPU
		{E59E77EF-191C-46CB-AFE7-EA3CA4C2EB76}.Release|Any CPU.ActiveCfg = Release|Any CPU
		{E59E77EF-191C-46CB-AFE7-EA3CA4C2EB76}.Release|Any CPU.Build.0 = Release|Any CPU
		{E1B98930-B524-4FBA-8A82-F86E7F647AF9}.Debug|Any CPU.ActiveCfg = Debug|Any CPU
		{E1B98930-B524-4FBA-8A82-F86E7F647AF9}.Debug|Any CPU.Build.0 = Debug|Any CPU
		{E1B98930-B524-4FBA-8A82-F86E7F647AF9}.Release|Any CPU.ActiveCfg = Release|Any CPU
		{E1B98930-B524-4FBA-8A82-F86E7F647AF9}.Release|Any CPU.Build.0 = Release|Any CPU
	EndGlobalSection
	GlobalSection(SolutionProperties) = preSolution
		HideSolutionNode = FALSE
	EndGlobalSection
	GlobalSection(NestedProjects) = preSolution
		{F53AC408-8573-40B8-9C93-ECEA84F76827} = {F3A8EFA7-C840-4F14-944F-19AF9CADD7AA}
		{E59E77EF-191C-46CB-AFE7-EA3CA4C2EB76} = {F3A8EFA7-C840-4F14-944F-19AF9CADD7AA}
		{E1B98930-B524-4FBA-8A82-F86E7F647AF9} = {F3A8EFA7-C840-4F14-944F-19AF9CADD7AA}
	EndGlobalSection
	GlobalSection(ExtensibilityGlobals) = postSolution
		SolutionGuid = {F89B7EB6-47B9-4581-A0F5-892338D4A540}
	EndGlobalSection
EndGlobal
